
Microsoft Visual Studio Solution File, Format Version 12.00
# Visual Studio Version 17
VisualStudioVersion = 17.11.35208.52
MinimumVisualStudioVersion = 10.0.40219.1
Project("{9A19103F-16F7-4668-BE54-9A1E7A4F7556}") = "ImageTextExtraction", "ImageTextExtraction\ImageTextExtraction.csproj", "{195FF638-3022-4241-90D1-D30204528C43}"
EndProject
Global
	GlobalSection(SolutionConfigurationPlatforms) = preSolution
		Debug|Any CPU = Debug|Any CPU
		Release|Any CPU = Release|Any CPU
	EndGlobalSection
	GlobalSection(ProjectConfigurationPlatforms) = postSolution
		{195FF638-3022-4241-90D1-D30204528C43}.Debug|Any CPU.ActiveCfg = Debug|Any CPU
		{195FF638-3022-4241-90D1-D30204528C43}.Debug|Any CPU.Build.0 = Debug|Any CPU
		{195FF638-3022-4241-90D1-D30204528C43}.Release|Any CPU.ActiveCfg = Release|Any CPU
		{195FF638-3022-4241-90D1-D30204528C43}.Release|Any CPU.Build.0 = Release|Any CPU
	EndGlobalSection
	GlobalSection(SolutionProperties) = preSolution
		HideSolutionNode = FALSE
	EndGlobalSection
	GlobalSection(ExtensibilityGlobals) = postSolution
		SolutionGuid = {03380C92-2E16-4FD3-B698-15AE9B58AD30}
	EndGlobalSection
EndGlobal
